
Microsoft Visual Studio Solution File, Format Version 12.00
# Visual Studio 15
VisualStudioVersion = 15.0.27703.2026
MinimumVisualStudioVersion = 10.0.40219.1
Project("{FAE04EC0-301F-11D3-BF4B-00C04F79EFBC}") = "WsdPreprocessingStudio", "WsdPreprocessingStudio\WsdPreprocessingStudio.csproj", "{D70257AF-A2A4-41F1-8DFE-07B14B4BAD5E}"
EndProject
Project("{FAE04EC0-301F-11D3-BF4B-00C04F79EFBC}") = "WsdPreprocessingStudio.Core", "WsdPreprocessingStudio.Core\WsdPreprocessingStudio.Core.csproj", "{6F25E126-3382-4A29-B236-BC8E54448EFC}"
EndProject
Project("{FAE04EC0-301F-11D3-BF4B-00C04F79EFBC}") = "WsdPreprocessingStudio.DataGeneration", "WsdPreprocessingStudio.DataGeneration\WsdPreprocessingStudio.DataGeneration.csproj", "{40BFB52D-B5ED-45AA-839E-0F1BF383CF71}"
EndProject
Project("{FAE04EC0-301F-11D3-BF4B-00C04F79EFBC}") = "WsdPreprocessingStudio.SamplePlugin", "WsdPreprocessingStudio.SamplePlugin\WsdPreprocessingStudio.SamplePlugin.csproj", "{6A46BE46-4BA4-4D20-AC89-2B4A058CCD79}"
EndProject
Global
	GlobalSection(SolutionConfigurationPlatforms) = preSolution
		Debug|Any CPU = Debug|Any CPU
		Release|Any CPU = Release|Any CPU
	EndGlobalSection
	GlobalSection(ProjectConfigurationPlatforms) = postSolution
		{D70257AF-A2A4-41F1-8DFE-07B14B4BAD5E}.Debug|Any CPU.ActiveCfg = Debug|Any CPU
		{D70257AF-A2A4-41F1-8DFE-07B14B4BAD5E}.Debug|Any CPU.Build.0 = Debug|Any CPU
		{D70257AF-A2A4-41F1-8DFE-07B14B4BAD5E}.Release|Any CPU.ActiveCfg = Release|Any CPU
		{D70257AF-A2A4-41F1-8DFE-07B14B4BAD5E}.Release|Any CPU.Build.0 = Release|Any CPU
		{6F25E126-3382-4A29-B236-BC8E54448EFC}.Debug|Any CPU.ActiveCfg = Debug|Any CPU
		{6F25E126-3382-4A29-B236-BC8E54448EFC}.Debug|Any CPU.Build.0 = Debug|Any CPU
		{6F25E126-3382-4A29-B236-BC8E54448EFC}.Release|Any CPU.ActiveCfg = Release|Any CPU
		{6F25E126-3382-4A29-B236-BC8E54448EFC}.Release|Any CPU.Build.0 = Release|Any CPU
		{40BFB52D-B5ED-45AA-839E-0F1BF383CF71}.Debug|Any CPU.ActiveCfg = Debug|Any CPU
		{40BFB52D-B5ED-45AA-839E-0F1BF383CF71}.Debug|Any CPU.Build.0 = Debug|Any CPU
		{40BFB52D-B5ED-45AA-839E-0F1BF383CF71}.Release|Any CPU.ActiveCfg = Release|Any CPU
		{40BFB52D-B5ED-45AA-839E-0F1BF383CF71}.Release|Any CPU.Build.0 = Release|Any CPU
		{6A46BE46-4BA4-4D20-AC89-2B4A058CCD79}.Debug|Any CPU.ActiveCfg = Debug|Any CPU
		{6A46BE46-4BA4-4D20-AC89-2B4A058CCD79}.Debug|Any CPU.Build.0 = Debug|Any CPU
		{6A46BE46-4BA4-4D20-AC89-2B4A058CCD79}.Release|Any CPU.ActiveCfg = Release|Any CPU
		{6A46BE46-4BA4-4D20-AC89-2B4A058CCD79}.Release|Any CPU.Build.0 = Release|Any CPU
	EndGlobalSection
	GlobalSection(SolutionProperties) = preSolution
		HideSolutionNode = FALSE
	EndGlobalSection
	GlobalSection(ExtensibilityGlobals) = postSolution
		SolutionGuid = {33973566-E584-4463-AE3F-2F4D7326F5DC}
	EndGlobalSection
EndGlobal
